# This file is autogenerated, do not edit; changes may be undone by the next 'dep ensure'.


[[projects]]
  branch = "master"
  name = "github.com/kjk/lzmadec"
  packages = ["."]
  revision = "a3a6f36b3748c121187bbeb409e602745f770032"

[[projects]]
  name = "github.com/tealeg/xlsx"
  packages = ["."]
  revision = "8be35264fa75a1bbe954ce51eba04f273e2c59e5"
  version = "v1.0.3"

[solve-meta]
  analyzer-name = "dep"
  analyzer-version = 1
  inputs-digest = "9ebeecd66f029de53073a728534707baa05c366b5c2d4f880bfd583be720ea91"
  solver-name = "gps-cdcl"
  solver-version = 1
